
Microsoft Visual Studio Solution File, Format Version 12.00
# Visual Studio Version 16
VisualStudioVersion = 16.0.31025.194
MinimumVisualStudioVersion = 10.0.40219.1
Project("{9A19103F-16F7-4668-BE54-9A1E7A4F7556}") = "todoAPI", "todoAPI\todoAPI.csproj", "{FA116AB3-1DFC-4CDB-8CB5-4371FB3CA96A}"
EndProject
Project("{E53339B2-1760-4266-BCC7-CA923CBCF16C}") = "docker-compose", "docker-compose.dcproj", "{255D502E-8A04-4370-834F-EBC54C672CEA}"
EndProject
Global
	GlobalSection(SolutionConfigurationPlatforms) = preSolution
		Debug|Any CPU = Debug|Any CPU
		Release|Any CPU = Release|Any CPU
	EndGlobalSection
	GlobalSection(ProjectConfigurationPlatforms) = postSolution
		{FA116AB3-1DFC-4CDB-8CB5-4371FB3CA96A}.Debug|Any CPU.ActiveCfg = Debug|Any CPU
		{FA116AB3-1DFC-4CDB-8CB5-4371FB3CA96A}.Debug|Any CPU.Build.0 = Debug|Any CPU
		{FA116AB3-1DFC-4CDB-8CB5-4371FB3CA96A}.Release|Any CPU.ActiveCfg = Release|Any CPU
		{FA116AB3-1DFC-4CDB-8CB5-4371FB3CA96A}.Release|Any CPU.Build.0 = Release|Any CPU
		{255D502E-8A04-4370-834F-EBC54C672CEA}.Debug|Any CPU.ActiveCfg = Debug|Any CPU
		{255D502E-8A04-4370-834F-EBC54C672CEA}.Debug|Any CPU.Build.0 = Debug|Any CPU
		{255D502E-8A04-4370-834F-EBC54C672CEA}.Release|Any CPU.ActiveCfg = Release|Any CPU
		{255D502E-8A04-4370-834F-EBC54C672CEA}.Release|Any CPU.Build.0 = Release|Any CPU
	EndGlobalSection
	GlobalSection(SolutionProperties) = preSolution
		HideSolutionNode = FALSE
	EndGlobalSection
	GlobalSection(ExtensibilityGlobals) = postSolution
		SolutionGuid = {6F4FC8F6-BFC7-40D9-AB34-978A7B4FE4DE}
	EndGlobalSection
EndGlobal
